
Microsoft Visual Studio Solution File, Format Version 12.00
# Visual Studio Version 17
VisualStudioVersion = 17.8.34309.116
MinimumVisualStudioVersion = 10.0.40219.1
Project("{FAE04EC0-301F-11D3-BF4B-00C04F79EFBC}") = "Calculator", "Calculator\Calculator.csproj", "{D76C5439-1B45-4B30-9970-940447BD0EE5}"
EndProject
Global
	GlobalSection(SolutionConfigurationPlatforms) = preSolution
		Debug|Any CPU = Debug|Any CPU
		Release|Any CPU = Release|Any CPU
	EndGlobalSection
	GlobalSection(ProjectConfigurationPlatforms) = postSolution
		{D76C5439-1B45-4B30-9970-940447BD0EE5}.Debug|Any CPU.ActiveCfg = Debug|Any CPU
		{D76C5439-1B45-4B30-9970-940447BD0EE5}.Debug|Any CPU.Build.0 = Debug|Any CPU
		{D76C5439-1B45-4B30-9970-940447BD0EE5}.Release|Any CPU.ActiveCfg = Release|Any CPU
		{D76C5439-1B45-4B30-9970-940447BD0EE5}.Release|Any CPU.Build.0 = Release|Any CPU
	EndGlobalSection
	GlobalSection(SolutionProperties) = preSolution
		HideSolutionNode = FALSE
	EndGlobalSection
	GlobalSection(ExtensibilityGlobals) = postSolution
		SolutionGuid = {ACC1DFF3-3717-42A9-9F32-5306398C087C}
	EndGlobalSection
EndGlobal
